
Microsoft Visual Studio Solution File, Format Version 12.00
# Visual Studio Version 17
VisualStudioVersion = 17.14.36408.4 d17.14
MinimumVisualStudioVersion = 10.0.40219.1
Project("{FAE04EC0-301F-11D3-BF4B-00C04F79EFBC}") = "Trabalho_Prático_Snake", "Trabalho_Prático_Snake\Trabalho_Prático_Snake.csproj", "{C3678FAC-71A6-4DFF-BF14-B7B670881464}"
EndProject
Global
	GlobalSection(SolutionConfigurationPlatforms) = preSolution
		Debug|Any CPU = Debug|Any CPU
		Release|Any CPU = Release|Any CPU
	EndGlobalSection
	GlobalSection(ProjectConfigurationPlatforms) = postSolution
		{C3678FAC-71A6-4DFF-BF14-B7B670881464}.Debug|Any CPU.ActiveCfg = Debug|Any CPU
		{C3678FAC-71A6-4DFF-BF14-B7B670881464}.Debug|Any CPU.Build.0 = Debug|Any CPU
		{C3678FAC-71A6-4DFF-BF14-B7B670881464}.Release|Any CPU.ActiveCfg = Release|Any CPU
		{C3678FAC-71A6-4DFF-BF14-B7B670881464}.Release|Any CPU.Build.0 = Release|Any CPU
	EndGlobalSection
	GlobalSection(SolutionProperties) = preSolution
		HideSolutionNode = FALSE
	EndGlobalSection
	GlobalSection(ExtensibilityGlobals) = postSolution
		SolutionGuid = {999D3DBF-E793-455C-9002-E1E79BE5CA57}
	EndGlobalSection
EndGlobal
